
Microsoft Visual Studio Solution File, Format Version 12.00
# Visual Studio Version 16
VisualStudioVersion = 16.0.29519.181
MinimumVisualStudioVersion = 10.0.40219.1
Project("{9A19103F-16F7-4668-BE54-9A1E7A4F7556}") = "WebServices", "WebServices\WebServices.csproj", "{BEEBE64A-56C7-4022-BDB2-7BDCB800B6AF}"
EndProject
Project("{FAE04EC0-301F-11D3-BF4B-00C04F79EFBC}") = "Commons", "Commons\Commons.csproj", "{53254A5D-39D7-437C-A1CE-2D95B882672A}"
EndProject
Project("{FAE04EC0-301F-11D3-BF4B-00C04F79EFBC}") = "BaseLogic", "BaseLogic\BaseLogic.csproj", "{C401B8A3-68CE-43B2-A018-17E47CE18652}"
EndProject
Project("{FAE04EC0-301F-11D3-BF4B-00C04F79EFBC}") = "DbServices", "DbServices\DbServices.csproj", "{BEC045C2-8F43-4950-BA31-8C745AD4283D}"
EndProject
Global
	GlobalSection(SolutionConfigurationPlatforms) = preSolution
		Debug|Any CPU = Debug|Any CPU
		Release|Any CPU = Release|Any CPU
	EndGlobalSection
	GlobalSection(ProjectConfigurationPlatforms) = postSolution
		{BEEBE64A-56C7-4022-BDB2-7BDCB800B6AF}.Debug|Any CPU.ActiveCfg = Debug|Any CPU
		{BEEBE64A-56C7-4022-BDB2-7BDCB800B6AF}.Debug|Any CPU.Build.0 = Debug|Any CPU
		{BEEBE64A-56C7-4022-BDB2-7BDCB800B6AF}.Release|Any CPU.ActiveCfg = Release|Any CPU
		{BEEBE64A-56C7-4022-BDB2-7BDCB800B6AF}.Release|Any CPU.Build.0 = Release|Any CPU
		{53254A5D-39D7-437C-A1CE-2D95B882672A}.Debug|Any CPU.ActiveCfg = Debug|Any CPU
		{53254A5D-39D7-437C-A1CE-2D95B882672A}.Debug|Any CPU.Build.0 = Debug|Any CPU
		{53254A5D-39D7-437C-A1CE-2D95B882672A}.Release|Any CPU.ActiveCfg = Release|Any CPU
		{53254A5D-39D7-437C-A1CE-2D95B882672A}.Release|Any CPU.Build.0 = Release|Any CPU
		{C401B8A3-68CE-43B2-A018-17E47CE18652}.Debug|Any CPU.ActiveCfg = Debug|Any CPU
		{C401B8A3-68CE-43B2-A018-17E47CE18652}.Debug|Any CPU.Build.0 = Debug|Any CPU
		{C401B8A3-68CE-43B2-A018-17E47CE18652}.Release|Any CPU.ActiveCfg = Release|Any CPU
		{C401B8A3-68CE-43B2-A018-17E47CE18652}.Release|Any CPU.Build.0 = Release|Any CPU
		{BEC045C2-8F43-4950-BA31-8C745AD4283D}.Debug|Any CPU.ActiveCfg = Debug|Any CPU
		{BEC045C2-8F43-4950-BA31-8C745AD4283D}.Debug|Any CPU.Build.0 = Debug|Any CPU
		{BEC045C2-8F43-4950-BA31-8C745AD4283D}.Release|Any CPU.ActiveCfg = Release|Any CPU
		{BEC045C2-8F43-4950-BA31-8C745AD4283D}.Release|Any CPU.Build.0 = Release|Any CPU
	EndGlobalSection
	GlobalSection(SolutionProperties) = preSolution
		HideSolutionNode = FALSE
	EndGlobalSection
	GlobalSection(ExtensibilityGlobals) = postSolution
		SolutionGuid = {CAE866E1-2236-4626-A296-C13031F9D0E7}
	EndGlobalSection
EndGlobal
